
Microsoft Visual Studio Solution File, Format Version 12.00
# Visual Studio 15
VisualStudioVersion = 15.0.26430.14
MinimumVisualStudioVersion = 10.0.40219.1
Project("{9A19103F-16F7-4668-BE54-9A1E7A4F7556}") = "UB3R-B0T", "src\UB3R-B0T.csproj", "{EE8843DB-5723-455B-829B-10DD817E675C}"
EndProject
Project("{FAE04EC0-301F-11D3-BF4B-00C04F79EFBC}") = "UB3R-B0T.Tests", "test\UB3R-B0T.Tests\UB3R-B0T.Tests.csproj", "{7A48DF1D-E673-4715-A9E4-4ED6726FA38C}"
EndProject
Global
	GlobalSection(SolutionConfigurationPlatforms) = preSolution
		Debug|Any CPU = Debug|Any CPU
		Debug|x64 = Debug|x64
		Debug|x86 = Debug|x86
		Release|Any CPU = Release|Any CPU
		Release|x64 = Release|x64
		Release|x86 = Release|x86
	EndGlobalSection
	GlobalSection(ProjectConfigurationPlatforms) = postSolution
		{EE8843DB-5723-455B-829B-10DD817E675C}.Debug|Any CPU.ActiveCfg = Debug|Any CPU
		{EE8843DB-5723-455B-829B-10DD817E675C}.Debug|Any CPU.Build.0 = Debug|Any CPU
		{EE8843DB-5723-455B-829B-10DD817E675C}.Debug|x64.ActiveCfg = Debug|Any CPU
		{EE8843DB-5723-455B-829B-10DD817E675C}.Debug|x64.Build.0 = Debug|Any CPU
		{EE8843DB-5723-455B-829B-10DD817E675C}.Debug|x86.ActiveCfg = Debug|Any CPU
		{EE8843DB-5723-455B-829B-10DD817E675C}.Debug|x86.Build.0 = Debug|Any CPU
		{EE8843DB-5723-455B-829B-10DD817E675C}.Release|Any CPU.ActiveCfg = Release|Any CPU
		{EE8843DB-5723-455B-829B-10DD817E675C}.Release|Any CPU.Build.0 = Release|Any CPU
		{EE8843DB-5723-455B-829B-10DD817E675C}.Release|x64.ActiveCfg = Release|Any CPU
		{EE8843DB-5723-455B-829B-10DD817E675C}.Release|x64.Build.0 = Release|Any CPU
		{EE8843DB-5723-455B-829B-10DD817E675C}.Release|x86.ActiveCfg = Release|Any CPU
		{EE8843DB-5723-455B-829B-10DD817E675C}.Release|x86.Build.0 = Release|Any CPU
		{7A48DF1D-E673-4715-A9E4-4ED6726FA38C}.Debug|Any CPU.ActiveCfg = Debug|Any CPU
		{7A48DF1D-E673-4715-A9E4-4ED6726FA38C}.Debug|Any CPU.Build.0 = Debug|Any CPU
		{7A48DF1D-E673-4715-A9E4-4ED6726FA38C}.Debug|x64.ActiveCfg = Debug|Any CPU
		{7A48DF1D-E673-4715-A9E4-4ED6726FA38C}.Debug|x64.Build.0 = Debug|Any CPU
		{7A48DF1D-E673-4715-A9E4-4ED6726FA38C}.Debug|x86.ActiveCfg = Debug|Any CPU
		{7A48DF1D-E673-4715-A9E4-4ED6726FA38C}.Debug|x86.Build.0 = Debug|Any CPU
		{7A48DF1D-E673-4715-A9E4-4ED6726FA38C}.Release|Any CPU.ActiveCfg = Release|Any CPU
		{7A48DF1D-E673-4715-A9E4-4ED6726FA38C}.Release|Any CPU.Build.0 = Release|Any CPU
		{7A48DF1D-E673-4715-A9E4-4ED6726FA38C}.Release|x64.ActiveCfg = Release|Any CPU
		{7A48DF1D-E673-4715-A9E4-4ED6726FA38C}.Release|x64.Build.0 = Release|Any CPU
		{7A48DF1D-E673-4715-A9E4-4ED6726FA38C}.Release|x86.ActiveCfg = Release|Any CPU
		{7A48DF1D-E673-4715-A9E4-4ED6726FA38C}.Release|x86.Build.0 = Release|Any CPU
	EndGlobalSection
	GlobalSection(SolutionProperties) = preSolution
		HideSolutionNode = FALSE
	EndGlobalSection
	GlobalSection(ExtensibilityGlobals) = postSolution
		BuildVersion_StartDate = 2016/1/1
		BuildVersion_UpdateAssemblyVersion = True
		BuildVersion_UpdateFileVersion = True
		BuildVersion_BuildVersioningStyle = DeltaBaseYear.Office.YearMonthStamp.Increment
		BuildVersion_AssemblyInfoFilename = src\AssemblyInfo.cs
	EndGlobalSection
EndGlobal
